<?xml version="1.0" encoding="utf-8"?>
<Project ToolsVersion="17.0" xmlns="http://schemas.microsoft.com/developer/msbuild/2003">
  <ItemGroup>
    <CustomBuild Include="C:\Users\chris\OneDrive - Danmarks Tekniske Universitet\Skole\MSc 3\4 Applied Healthcare Data Science\a2\libmolgrid_build\CMakeFiles\f93dc8f32af6c6d27186da70467fc6f7\RUN_TESTS_force.rule">
      <Filter>CMake Rules</Filter>
    </CustomBuild>
  </ItemGroup>
  <ItemGroup>
    <Filter Include="CMake Rules">
      <UniqueIdentifier>{239AAC3D-95FE-38BE-9BED-79F236EE14DB}</UniqueIdentifier>
    </Filter>
  </ItemGroup>
</Project>
