<?xml version="1.0" encoding="utf-8"?>
<Project ToolsVersion="17.0" xmlns="http://schemas.microsoft.com/developer/msbuild/2003">
  <ItemGroup>
    <CustomBuild Include="C:\Users\chris\OneDrive - Danmarks Tekniske Universitet\Skole\MSc 3\4 Applied Healthcare Data Science\a2\libmolgrid_build\CMakeFiles\fd9738f7941f2f2d14742844ae09f9fa\Continuous.rule">
      <Filter>CMake Rules</Filter>
    </CustomBuild>
    <CustomBuild Include="C:\Users\chris\OneDrive - Danmarks Tekniske Universitet\Skole\MSc 3\4 Applied Healthcare Data Science\a2\libmolgrid\CMakeLists.txt" />
  </ItemGroup>
  <ItemGroup>
    <None Include="C:\Users\chris\OneDrive - Danmarks Tekniske Universitet\Skole\MSc 3\4 Applied Healthcare Data Science\a2\libmolgrid_build\CMakeFiles\Continuous" />
  </ItemGroup>
  <ItemGroup>
    <Filter Include="CMake Rules">
      <UniqueIdentifier>{239AAC3D-95FE-38BE-9BED-79F236EE14DB}</UniqueIdentifier>
    </Filter>
  </ItemGroup>
</Project>
